
Microsoft Visual Studio Solution File, Format Version 12.00
# Visual Studio Version 16
VisualStudioVersion = 16.0.29503.13
MinimumVisualStudioVersion = 10.0.40219.1
Project("{FAE04EC0-301F-11D3-BF4B-00C04F79EFBC}") = "GestaoTarefas2", "GestaoTarefas2\GestaoTarefas2.csproj", "{BD0B055B-BD6D-4D2F-93BE-AB230C11FD10}"
EndProject
Global
	GlobalSection(SolutionConfigurationPlatforms) = preSolution
		Debug|Any CPU = Debug|Any CPU
		Release|Any CPU = Release|Any CPU
	EndGlobalSection
	GlobalSection(ProjectConfigurationPlatforms) = postSolution
		{BD0B055B-BD6D-4D2F-93BE-AB230C11FD10}.Debug|Any CPU.ActiveCfg = Debug|Any CPU
		{BD0B055B-BD6D-4D2F-93BE-AB230C11FD10}.Debug|Any CPU.Build.0 = Debug|Any CPU
		{BD0B055B-BD6D-4D2F-93BE-AB230C11FD10}.Release|Any CPU.ActiveCfg = Release|Any CPU
		{BD0B055B-BD6D-4D2F-93BE-AB230C11FD10}.Release|Any CPU.Build.0 = Release|Any CPU
	EndGlobalSection
	GlobalSection(SolutionProperties) = preSolution
		HideSolutionNode = FALSE
	EndGlobalSection
	GlobalSection(ExtensibilityGlobals) = postSolution
		SolutionGuid = {DAD77643-05FB-48B4-8048-1A6C4BD566A3}
	EndGlobalSection
EndGlobal
